
Microsoft Visual Studio Solution File, Format Version 12.00
# Visual Studio Version 17
VisualStudioVersion = 17.0.32014.148
MinimumVisualStudioVersion = 15.0.26124.0
Project("{2150E333-8FDC-42A3-9474-1A3956D46DE8}") = "Aspsp", "Aspsp", "{D609D300-3006-42B1-901A-5409F8F894B8}"
EndProject
Project("{9A19103F-16F7-4668-BE54-9A1E7A4F7556}") = "ConsoleClientAspspDetails", "Aspsp\ConsoleClientAspspDetails\ConsoleClientAspspDetails.csproj", "{A9491F43-3CCD-4816-ABE2-8AF77750BDAE}"
EndProject
Project("{9A19103F-16F7-4668-BE54-9A1E7A4F7556}") = "ConsoleClientAspspList", "Aspsp\ConsoleClientAspspList\ConsoleClientAspspList.csproj", "{EF6DC43E-2BE0-48C0-9248-ADA455F50087}"
EndProject
Project("{9A19103F-16F7-4668-BE54-9A1E7A4F7556}") = "ConsoleClientCitiesDetails", "Aspsp\ConsoleClientCitiesDetails\ConsoleClientCitiesDetails.csproj", "{C6A61F88-7C23-4C3F-972E-CDBE6D097177}"
EndProject
Project("{9A19103F-16F7-4668-BE54-9A1E7A4F7556}") = "ConsoleClientCitiesList", "Aspsp\ConsoleClientCitiesList\ConsoleClientCitiesList.csproj", "{41728A50-132E-425F-9C0F-393336C6CD96}"
EndProject
Project("{9A19103F-16F7-4668-BE54-9A1E7A4F7556}") = "ConsoleClientCountriesDetails", "Aspsp\ConsoleClientCountriesDetails\ConsoleClientCountriesDetails.csproj", "{5DE4CF7A-F3F5-4AC6-BC18-E2AD246A31C1}"
EndProject
Project("{9A19103F-16F7-4668-BE54-9A1E7A4F7556}") = "ConsoleClientCountriesList", "Aspsp\ConsoleClientCountriesList\ConsoleClientCountriesList.csproj", "{C3904A78-3A84-4F2A-A30B-EBF1D7D3B18D}"
EndProject
Project("{9A19103F-16F7-4668-BE54-9A1E7A4F7556}") = "ConsoleClientGetToken", "Aspsp\ConsoleClientGetToken\ConsoleClientGetToken.csproj", "{99607578-04B1-4130-9439-01B58AF1961B}"
EndProject
Project("{9A19103F-16F7-4668-BE54-9A1E7A4F7556}") = "Shared", "Shared\Shared.csproj", "{AA150902-AC76-4F3E-9701-73715E7F0A26}"
EndProject
Project("{2150E333-8FDC-42A3-9474-1A3956D46DE8}") = "Consent", "Consent", "{45100215-1369-4A08-A0F5-E2C3A5EBB7F7}"
EndProject
Project("{9A19103F-16F7-4668-BE54-9A1E7A4F7556}") = "CreateConsent", "CreateConsent\CreateConsent.csproj", "{FAFC7BE5-2EF9-4A48-9862-FBF5174D1913}"
EndProject
Project("{2150E333-8FDC-42A3-9474-1A3956D46DE8}") = "Payment", "Payment", "{9D22B250-FFD8-4389-9AE1-313214F1D77D}"
EndProject
Project("{9A19103F-16F7-4668-BE54-9A1E7A4F7556}") = "PaymentInitiation", "PaymentInitiation\PaymentInitiation.csproj", "{7B763539-EED8-4C0B-93F0-B56F3FB25482}"
EndProject
Global
	GlobalSection(SolutionConfigurationPlatforms) = preSolution
		Debug|Any CPU = Debug|Any CPU
		Debug|x64 = Debug|x64
		Debug|x86 = Debug|x86
		Release|Any CPU = Release|Any CPU
		Release|x64 = Release|x64
		Release|x86 = Release|x86
	EndGlobalSection
	GlobalSection(ProjectConfigurationPlatforms) = postSolution
		{A9491F43-3CCD-4816-ABE2-8AF77750BDAE}.Debug|Any CPU.ActiveCfg = Debug|Any CPU
		{A9491F43-3CCD-4816-ABE2-8AF77750BDAE}.Debug|Any CPU.Build.0 = Debug|Any CPU
		{A9491F43-3CCD-4816-ABE2-8AF77750BDAE}.Debug|x64.ActiveCfg = Debug|Any CPU
		{A9491F43-3CCD-4816-ABE2-8AF77750BDAE}.Debug|x64.Build.0 = Debug|Any CPU
		{A9491F43-3CCD-4816-ABE2-8AF77750BDAE}.Debug|x86.ActiveCfg = Debug|Any CPU
		{A9491F43-3CCD-4816-ABE2-8AF77750BDAE}.Debug|x86.Build.0 = Debug|Any CPU
		{A9491F43-3CCD-4816-ABE2-8AF77750BDAE}.Release|Any CPU.ActiveCfg = Release|Any CPU
		{A9491F43-3CCD-4816-ABE2-8AF77750BDAE}.Release|Any CPU.Build.0 = Release|Any CPU
		{A9491F43-3CCD-4816-ABE2-8AF77750BDAE}.Release|x64.ActiveCfg = Release|Any CPU
		{A9491F43-3CCD-4816-ABE2-8AF77750BDAE}.Release|x64.Build.0 = Release|Any CPU
		{A9491F43-3CCD-4816-ABE2-8AF77750BDAE}.Release|x86.ActiveCfg = Release|Any CPU
		{A9491F43-3CCD-4816-ABE2-8AF77750BDAE}.Release|x86.Build.0 = Release|Any CPU
		{EF6DC43E-2BE0-48C0-9248-ADA455F50087}.Debug|Any CPU.ActiveCfg = Debug|Any CPU
		{EF6DC43E-2BE0-48C0-9248-ADA455F50087}.Debug|Any CPU.Build.0 = Debug|Any CPU
		{EF6DC43E-2BE0-48C0-9248-ADA455F50087}.Debug|x64.ActiveCfg = Debug|Any CPU
		{EF6DC43E-2BE0-48C0-9248-ADA455F50087}.Debug|x64.Build.0 = Debug|Any CPU
		{EF6DC43E-2BE0-48C0-9248-ADA455F50087}.Debug|x86.ActiveCfg = Debug|Any CPU
		{EF6DC43E-2BE0-48C0-9248-ADA455F50087}.Debug|x86.Build.0 = Debug|Any CPU
		{EF6DC43E-2BE0-48C0-9248-ADA455F50087}.Release|Any CPU.ActiveCfg = Release|Any CPU
		{EF6DC43E-2BE0-48C0-9248-ADA455F50087}.Release|Any CPU.Build.0 = Release|Any CPU
		{EF6DC43E-2BE0-48C0-9248-ADA455F50087}.Release|x64.ActiveCfg = Release|Any CPU
		{EF6DC43E-2BE0-48C0-9248-ADA455F50087}.Release|x64.Build.0 = Release|Any CPU
		{EF6DC43E-2BE0-48C0-9248-ADA455F50087}.Release|x86.ActiveCfg = Release|Any CPU
		{EF6DC43E-2BE0-48C0-9248-ADA455F50087}.Release|x86.Build.0 = Release|Any CPU
		{C6A61F88-7C23-4C3F-972E-CDBE6D097177}.Debug|Any CPU.ActiveCfg = Debug|Any CPU
		{C6A61F88-7C23-4C3F-972E-CDBE6D097177}.Debug|Any CPU.Build.0 = Debug|Any CPU
		{C6A61F88-7C23-4C3F-972E-CDBE6D097177}.Debug|x64.ActiveCfg = Debug|Any CPU
		{C6A61F88-7C23-4C3F-972E-CDBE6D097177}.Debug|x64.Build.0 = Debug|Any CPU
		{C6A61F88-7C23-4C3F-972E-CDBE6D097177}.Debug|x86.ActiveCfg = Debug|Any CPU
		{C6A61F88-7C23-4C3F-972E-CDBE6D097177}.Debug|x86.Build.0 = Debug|Any CPU
		{C6A61F88-7C23-4C3F-972E-CDBE6D097177}.Release|Any CPU.ActiveCfg = Release|Any CPU
		{C6A61F88-7C23-4C3F-972E-CDBE6D097177}.Release|Any CPU.Build.0 = Release|Any CPU
		{C6A61F88-7C23-4C3F-972E-CDBE6D097177}.Release|x64.ActiveCfg = Release|Any CPU
		{C6A61F88-7C23-4C3F-972E-CDBE6D097177}.Release|x64.Build.0 = Release|Any CPU
		{C6A61F88-7C23-4C3F-972E-CDBE6D097177}.Release|x86.ActiveCfg = Release|Any CPU
		{C6A61F88-7C23-4C3F-972E-CDBE6D097177}.Release|x86.Build.0 = Release|Any CPU
		{41728A50-132E-425F-9C0F-393336C6CD96}.Debug|Any CPU.ActiveCfg = Debug|Any CPU
		{41728A50-132E-425F-9C0F-393336C6CD96}.Debug|Any CPU.Build.0 = Debug|Any CPU
		{41728A50-132E-425F-9C0F-393336C6CD96}.Debug|x64.ActiveCfg = Debug|Any CPU
		{41728A50-132E-425F-9C0F-393336C6CD96}.Debug|x64.Build.0 = Debug|Any CPU
		{41728A50-132E-425F-9C0F-393336C6CD96}.Debug|x86.ActiveCfg = Debug|Any CPU
		{41728A50-132E-425F-9C0F-393336C6CD96}.Debug|x86.Build.0 = Debug|Any CPU
		{41728A50-132E-425F-9C0F-393336C6CD96}.Release|Any CPU.ActiveCfg = Release|Any CPU
		{41728A50-132E-425F-9C0F-393336C6CD96}.Release|Any CPU.Build.0 = Release|Any CPU
		{41728A50-132E-425F-9C0F-393336C6CD96}.Release|x64.ActiveCfg = Release|Any CPU
		{41728A50-132E-425F-9C0F-393336C6CD96}.Release|x64.Build.0 = Release|Any CPU
		{41728A50-132E-425F-9C0F-393336C6CD96}.Release|x86.ActiveCfg = Release|Any CPU
		{41728A50-132E-425F-9C0F-393336C6CD96}.Release|x86.Build.0 = Release|Any CPU
		{5DE4CF7A-F3F5-4AC6-BC18-E2AD246A31C1}.Debug|Any CPU.ActiveCfg = Debug|Any CPU
		{5DE4CF7A-F3F5-4AC6-BC18-E2AD246A31C1}.Debug|Any CPU.Build.0 = Debug|Any CPU
		{5DE4CF7A-F3F5-4AC6-BC18-E2AD246A31C1}.Debug|x64.ActiveCfg = Debug|Any CPU
		{5DE4CF7A-F3F5-4AC6-BC18-E2AD246A31C1}.Debug|x64.Build.0 = Debug|Any CPU
		{5DE4CF7A-F3F5-4AC6-BC18-E2AD246A31C1}.Debug|x86.ActiveCfg = Debug|Any CPU
		{5DE4CF7A-F3F5-4AC6-BC18-E2AD246A31C1}.Debug|x86.Build.0 = Debug|Any CPU
		{5DE4CF7A-F3F5-4AC6-BC18-E2AD246A31C1}.Release|Any CPU.ActiveCfg = Release|Any CPU
		{5DE4CF7A-F3F5-4AC6-BC18-E2AD246A31C1}.Release|Any CPU.Build.0 = Release|Any CPU
		{5DE4CF7A-F3F5-4AC6-BC18-E2AD246A31C1}.Release|x64.ActiveCfg = Release|Any CPU
		{5DE4CF7A-F3F5-4AC6-BC18-E2AD246A31C1}.Release|x64.Build.0 = Release|Any CPU
		{5DE4CF7A-F3F5-4AC6-BC18-E2AD246A31C1}.Release|x86.ActiveCfg = Release|Any CPU
		{5DE4CF7A-F3F5-4AC6-BC18-E2AD246A31C1}.Release|x86.Build.0 = Release|Any CPU
		{C3904A78-3A84-4F2A-A30B-EBF1D7D3B18D}.Debug|Any CPU.ActiveCfg = Debug|Any CPU
		{C3904A78-3A84-4F2A-A30B-EBF1D7D3B18D}.Debug|Any CPU.Build.0 = Debug|Any CPU
		{C3904A78-3A84-4F2A-A30B-EBF1D7D3B18D}.Debug|x64.ActiveCfg = Debug|Any CPU
		{C3904A78-3A84-4F2A-A30B-EBF1D7D3B18D}.Debug|x64.Build.0 = Debug|Any CPU
		{C3904A78-3A84-4F2A-A30B-EBF1D7D3B18D}.Debug|x86.ActiveCfg = Debug|Any CPU
		{C3904A78-3A84-4F2A-A30B-EBF1D7D3B18D}.Debug|x86.Build.0 = Debug|Any CPU
		{C3904A78-3A84-4F2A-A30B-EBF1D7D3B18D}.Release|Any CPU.ActiveCfg = Release|Any CPU
		{C3904A78-3A84-4F2A-A30B-EBF1D7D3B18D}.Release|Any CPU.Build.0 = Release|Any CPU
		{C3904A78-3A84-4F2A-A30B-EBF1D7D3B18D}.Release|x64.ActiveCfg = Release|Any CPU
		{C3904A78-3A84-4F2A-A30B-EBF1D7D3B18D}.Release|x64.Build.0 = Release|Any CPU
		{C3904A78-3A84-4F2A-A30B-EBF1D7D3B18D}.Release|x86.ActiveCfg = Release|Any CPU
		{C3904A78-3A84-4F2A-A30B-EBF1D7D3B18D}.Release|x86.Build.0 = Release|Any CPU
		{99607578-04B1-4130-9439-01B58AF1961B}.Debug|Any CPU.ActiveCfg = Debug|Any CPU
		{99607578-04B1-4130-9439-01B58AF1961B}.Debug|Any CPU.Build.0 = Debug|Any CPU
		{99607578-04B1-4130-9439-01B58AF1961B}.Debug|x64.ActiveCfg = Debug|Any CPU
		{99607578-04B1-4130-9439-01B58AF1961B}.Debug|x64.Build.0 = Debug|Any CPU
		{99607578-04B1-4130-9439-01B58AF1961B}.Debug|x86.ActiveCfg = Debug|Any CPU
		{99607578-04B1-4130-9439-01B58AF1961B}.Debug|x86.Build.0 = Debug|Any CPU
		{99607578-04B1-4130-9439-01B58AF1961B}.Release|Any CPU.ActiveCfg = Release|Any CPU
		{99607578-04B1-4130-9439-01B58AF1961B}.Release|Any CPU.Build.0 = Release|Any CPU
		{99607578-04B1-4130-9439-01B58AF1961B}.Release|x64.ActiveCfg = Release|Any CPU
		{99607578-04B1-4130-9439-01B58AF1961B}.Release|x64.Build.0 = Release|Any CPU
		{99607578-04B1-4130-9439-01B58AF1961B}.Release|x86.ActiveCfg = Release|Any CPU
		{99607578-04B1-4130-9439-01B58AF1961B}.Release|x86.Build.0 = Release|Any CPU
		{AA150902-AC76-4F3E-9701-73715E7F0A26}.Debug|Any CPU.ActiveCfg = Debug|Any CPU
		{AA150902-AC76-4F3E-9701-73715E7F0A26}.Debug|Any CPU.Build.0 = Debug|Any CPU
		{AA150902-AC76-4F3E-9701-73715E7F0A26}.Debug|x64.ActiveCfg = Debug|Any CPU
		{AA150902-AC76-4F3E-9701-73715E7F0A26}.Debug|x64.Build.0 = Debug|Any CPU
		{AA150902-AC76-4F3E-9701-73715E7F0A26}.Debug|x86.ActiveCfg = Debug|Any CPU
		{AA150902-AC76-4F3E-9701-73715E7F0A26}.Debug|x86.Build.0 = Debug|Any CPU
		{AA150902-AC76-4F3E-9701-73715E7F0A26}.Release|Any CPU.ActiveCfg = Release|Any CPU
		{AA150902-AC76-4F3E-9701-73715E7F0A26}.Release|Any CPU.Build.0 = Release|Any CPU
		{AA150902-AC76-4F3E-9701-73715E7F0A26}.Release|x64.ActiveCfg = Release|Any CPU
		{AA150902-AC76-4F3E-9701-73715E7F0A26}.Release|x64.Build.0 = Release|Any CPU
		{AA150902-AC76-4F3E-9701-73715E7F0A26}.Release|x86.ActiveCfg = Release|Any CPU
		{AA150902-AC76-4F3E-9701-73715E7F0A26}.Release|x86.Build.0 = Release|Any CPU
		{FAFC7BE5-2EF9-4A48-9862-FBF5174D1913}.Debug|Any CPU.ActiveCfg = Debug|Any CPU
		{FAFC7BE5-2EF9-4A48-9862-FBF5174D1913}.Debug|Any CPU.Build.0 = Debug|Any CPU
		{FAFC7BE5-2EF9-4A48-9862-FBF5174D1913}.Debug|x64.ActiveCfg = Debug|Any CPU
		{FAFC7BE5-2EF9-4A48-9862-FBF5174D1913}.Debug|x64.Build.0 = Debug|Any CPU
		{FAFC7BE5-2EF9-4A48-9862-FBF5174D1913}.Debug|x86.ActiveCfg = Debug|Any CPU
		{FAFC7BE5-2EF9-4A48-9862-FBF5174D1913}.Debug|x86.Build.0 = Debug|Any CPU
		{FAFC7BE5-2EF9-4A48-9862-FBF5174D1913}.Release|Any CPU.ActiveCfg = Release|Any CPU
		{FAFC7BE5-2EF9-4A48-9862-FBF5174D1913}.Release|Any CPU.Build.0 = Release|Any CPU
		{FAFC7BE5-2EF9-4A48-9862-FBF5174D1913}.Release|x64.ActiveCfg = Release|Any CPU
		{FAFC7BE5-2EF9-4A48-9862-FBF5174D1913}.Release|x64.Build.0 = Release|Any CPU
		{FAFC7BE5-2EF9-4A48-9862-FBF5174D1913}.Release|x86.ActiveCfg = Release|Any CPU
		{FAFC7BE5-2EF9-4A48-9862-FBF5174D1913}.Release|x86.Build.0 = Release|Any CPU
		{7B763539-EED8-4C0B-93F0-B56F3FB25482}.Debug|Any CPU.ActiveCfg = Debug|Any CPU
		{7B763539-EED8-4C0B-93F0-B56F3FB25482}.Debug|Any CPU.Build.0 = Debug|Any CPU
		{7B763539-EED8-4C0B-93F0-B56F3FB25482}.Debug|x64.ActiveCfg = Debug|Any CPU
		{7B763539-EED8-4C0B-93F0-B56F3FB25482}.Debug|x64.Build.0 = Debug|Any CPU
		{7B763539-EED8-4C0B-93F0-B56F3FB25482}.Debug|x86.ActiveCfg = Debug|Any CPU
		{7B763539-EED8-4C0B-93F0-B56F3FB25482}.Debug|x86.Build.0 = Debug|Any CPU
		{7B763539-EED8-4C0B-93F0-B56F3FB25482}.Release|Any CPU.ActiveCfg = Release|Any CPU
		{7B763539-EED8-4C0B-93F0-B56F3FB25482}.Release|Any CPU.Build.0 = Release|Any CPU
		{7B763539-EED8-4C0B-93F0-B56F3FB25482}.Release|x64.ActiveCfg = Release|Any CPU
		{7B763539-EED8-4C0B-93F0-B56F3FB25482}.Release|x64.Build.0 = Release|Any CPU
		{7B763539-EED8-4C0B-93F0-B56F3FB25482}.Release|x86.ActiveCfg = Release|Any CPU
		{7B763539-EED8-4C0B-93F0-B56F3FB25482}.Release|x86.Build.0 = Release|Any CPU
	EndGlobalSection
	GlobalSection(SolutionProperties) = preSolution
		HideSolutionNode = FALSE
	EndGlobalSection
	GlobalSection(NestedProjects) = preSolution
		{A9491F43-3CCD-4816-ABE2-8AF77750BDAE} = {D609D300-3006-42B1-901A-5409F8F894B8}
		{EF6DC43E-2BE0-48C0-9248-ADA455F50087} = {D609D300-3006-42B1-901A-5409F8F894B8}
		{C6A61F88-7C23-4C3F-972E-CDBE6D097177} = {D609D300-3006-42B1-901A-5409F8F894B8}
		{41728A50-132E-425F-9C0F-393336C6CD96} = {D609D300-3006-42B1-901A-5409F8F894B8}
		{5DE4CF7A-F3F5-4AC6-BC18-E2AD246A31C1} = {D609D300-3006-42B1-901A-5409F8F894B8}
		{C3904A78-3A84-4F2A-A30B-EBF1D7D3B18D} = {D609D300-3006-42B1-901A-5409F8F894B8}
		{99607578-04B1-4130-9439-01B58AF1961B} = {D609D300-3006-42B1-901A-5409F8F894B8}
		{FAFC7BE5-2EF9-4A48-9862-FBF5174D1913} = {45100215-1369-4A08-A0F5-E2C3A5EBB7F7}
		{7B763539-EED8-4C0B-93F0-B56F3FB25482} = {9D22B250-FFD8-4389-9AE1-313214F1D77D}
	EndGlobalSection
	GlobalSection(ExtensibilityGlobals) = postSolution
		SolutionGuid = {0FCCB060-853C-4706-9520-E091B5C47C6A}
	EndGlobalSection
EndGlobal
